
Microsoft Visual Studio Solution File, Format Version 12.00
# Visual Studio Version 17
VisualStudioVersion = 17.5.33530.505
MinimumVisualStudioVersion = 10.0.40219.1
Project("{FAE04EC0-301F-11D3-BF4B-00C04F79EFBC}") = "StockMarketEFAPI", "StockMarketEFAPI.csproj", "{71E79336-2369-41A2-8CEC-4B0A4F974E3E}"
EndProject
Global
	GlobalSection(SolutionConfigurationPlatforms) = preSolution
		Debug|Any CPU = Debug|Any CPU
		Release|Any CPU = Release|Any CPU
	EndGlobalSection
	GlobalSection(ProjectConfigurationPlatforms) = postSolution
		{71E79336-2369-41A2-8CEC-4B0A4F974E3E}.Debug|Any CPU.ActiveCfg = Debug|Any CPU
		{71E79336-2369-41A2-8CEC-4B0A4F974E3E}.Debug|Any CPU.Build.0 = Debug|Any CPU
		{71E79336-2369-41A2-8CEC-4B0A4F974E3E}.Release|Any CPU.ActiveCfg = Release|Any CPU
		{71E79336-2369-41A2-8CEC-4B0A4F974E3E}.Release|Any CPU.Build.0 = Release|Any CPU
	EndGlobalSection
	GlobalSection(SolutionProperties) = preSolution
		HideSolutionNode = FALSE
	EndGlobalSection
	GlobalSection(ExtensibilityGlobals) = postSolution
		SolutionGuid = {0A2B7D8C-2E98-4D33-9DBF-F16C81C32B06}
	EndGlobalSection
EndGlobal
