
Microsoft Visual Studio Solution File, Format Version 12.00
# Visual Studio Version 17
VisualStudioVersion = 17.6.33723.286
MinimumVisualStudioVersion = 10.0.40219.1
Project("{FAE04EC0-301F-11D3-BF4B-00C04F79EFBC}") = "ThreadTrials", "ThreadTrials.csproj", "{8388FF5F-FCC1-4A7C-A6A6-AB0E29AD5625}"
EndProject
Global
	GlobalSection(SolutionConfigurationPlatforms) = preSolution
		Debug|Any CPU = Debug|Any CPU
		Release|Any CPU = Release|Any CPU
	EndGlobalSection
	GlobalSection(ProjectConfigurationPlatforms) = postSolution
		{8388FF5F-FCC1-4A7C-A6A6-AB0E29AD5625}.Debug|Any CPU.ActiveCfg = Debug|Any CPU
		{8388FF5F-FCC1-4A7C-A6A6-AB0E29AD5625}.Debug|Any CPU.Build.0 = Debug|Any CPU
		{8388FF5F-FCC1-4A7C-A6A6-AB0E29AD5625}.Release|Any CPU.ActiveCfg = Release|Any CPU
		{8388FF5F-FCC1-4A7C-A6A6-AB0E29AD5625}.Release|Any CPU.Build.0 = Release|Any CPU
	EndGlobalSection
	GlobalSection(SolutionProperties) = preSolution
		HideSolutionNode = FALSE
	EndGlobalSection
	GlobalSection(ExtensibilityGlobals) = postSolution
		SolutionGuid = {33638681-96D2-4FDC-B9AA-963ECC52E141}
	EndGlobalSection
EndGlobal
