
Microsoft Visual Studio Solution File, Format Version 12.00
# Visual Studio Version 16
VisualStudioVersion = 16.0.33529.622
MinimumVisualStudioVersion = 10.0.40219.1
Project("{FAE04EC0-301F-11D3-BF4B-00C04F79EFBC}") = "LinqDemo", "LinqDemo\LinqDemo.csproj", "{FEAE66AB-B40E-4186-A5E6-F85BABAAA3FD}"
EndProject
Global
	GlobalSection(SolutionConfigurationPlatforms) = preSolution
		Debug|Any CPU = Debug|Any CPU
		Release|Any CPU = Release|Any CPU
	EndGlobalSection
	GlobalSection(ProjectConfigurationPlatforms) = postSolution
		{FEAE66AB-B40E-4186-A5E6-F85BABAAA3FD}.Debug|Any CPU.ActiveCfg = Debug|Any CPU
		{FEAE66AB-B40E-4186-A5E6-F85BABAAA3FD}.Debug|Any CPU.Build.0 = Debug|Any CPU
		{FEAE66AB-B40E-4186-A5E6-F85BABAAA3FD}.Release|Any CPU.ActiveCfg = Release|Any CPU
		{FEAE66AB-B40E-4186-A5E6-F85BABAAA3FD}.Release|Any CPU.Build.0 = Release|Any CPU
	EndGlobalSection
	GlobalSection(SolutionProperties) = preSolution
		HideSolutionNode = FALSE
	EndGlobalSection
	GlobalSection(ExtensibilityGlobals) = postSolution
		SolutionGuid = {A1B764D1-50FE-4ADD-A9B5-8D85209D23B3}
	EndGlobalSection
EndGlobal
