
Microsoft Visual Studio Solution File, Format Version 12.00
# Visual Studio Version 16
VisualStudioVersion = 16.0.33529.622
MinimumVisualStudioVersion = 10.0.40219.1
Project("{FAE04EC0-301F-11D3-BF4B-00C04F79EFBC}") = "Assignment 1 - Calculator", "FirstConsoleApp\Assignment 1 - Calculator.csproj", "{51151613-2B0E-4C60-8A73-D28043EE5835}"
EndProject
Global
	GlobalSection(SolutionConfigurationPlatforms) = preSolution
		Debug|Any CPU = Debug|Any CPU
		Release|Any CPU = Release|Any CPU
	EndGlobalSection
	GlobalSection(ProjectConfigurationPlatforms) = postSolution
		{51151613-2B0E-4C60-8A73-D28043EE5835}.Debug|Any CPU.ActiveCfg = Debug|Any CPU
		{51151613-2B0E-4C60-8A73-D28043EE5835}.Debug|Any CPU.Build.0 = Debug|Any CPU
		{51151613-2B0E-4C60-8A73-D28043EE5835}.Release|Any CPU.ActiveCfg = Release|Any CPU
		{51151613-2B0E-4C60-8A73-D28043EE5835}.Release|Any CPU.Build.0 = Release|Any CPU
	EndGlobalSection
	GlobalSection(SolutionProperties) = preSolution
		HideSolutionNode = FALSE
	EndGlobalSection
	GlobalSection(ExtensibilityGlobals) = postSolution
		SolutionGuid = {D7FB0081-2893-45E2-B5C7-DD311C3FC094}
	EndGlobalSection
EndGlobal
